schema: '2.0'
stages:
  data_ingestion:
    cmd: python src/data_ingestion.py
    deps:
    - path: src/data_ingestion.py
      hash: md5
      md5: 7d2dc8a65b964e1f8877fe46da35c287
      size: 3513
    params:
      params.yaml:
        data_ingestion.test_size: 0.33
    outs:
    - path: data/raw
      hash: md5
      md5: afaa09fadfe2b21f51a1c7c15321a788.dir
      size: 484846
      nfiles: 2
  data_preprocessing:
    cmd: python src/data_preprocessing.py
    deps:
    - path: data/raw
      hash: md5
      md5: afaa09fadfe2b21f51a1c7c15321a788.dir
      size: 484846
      nfiles: 2
    - path: src/data_preprocessing.py
      hash: md5
      md5: 83af22eb7954c71049b6a86ac23f7d0c
      size: 3975
    outs:
    - path: data/interim
      hash: md5
      md5: 7eaa1649a37f78d646bd254cd3cabcbd.dir
      size: 262612
      nfiles: 2
  feature_engineering:
    cmd: python src/feature_engineering.py
    deps:
    - path: data/interim
      hash: md5
      md5: 7eaa1649a37f78d646bd254cd3cabcbd.dir
      size: 262612
      nfiles: 2
    - path: src/feature_engineering.py
      hash: md5
      md5: 6700dcf25675ea6474bc9d88a4595519
      size: 3912
    params:
      params.yaml:
        feature_engineering.max_features: 40
    outs:
    - path: data/processed
      hash: md5
      md5: 3539b16bba75e60f58d38db26a02d55a.dir
      size: 957717
      nfiles: 2
  model:
    cmd: python src/model.py
    deps:
    - path: data/processed
      hash: md5
      md5: 3539b16bba75e60f58d38db26a02d55a.dir
      size: 957717
      nfiles: 2
    - path: src/model.py
      hash: md5
      md5: fa8c1d38c547a10a25a63ba84690d777
      size: 4503
    params:
      params.yaml:
        model_building.n_estimators: 25
        model_building.random_state: 2
    outs:
    - path: models/model.pkl
      hash: md5
      md5: 7a2ec09b4340a1fd57810a2d99e6be43
      size: 676378
  model_evaluation:
    cmd: python src/model_evaluation.py
    deps:
    - path: models/model.pkl
      hash: md5
      md5: 7a2ec09b4340a1fd57810a2d99e6be43
      size: 676378
    - path: src/model_evaluation.py
      hash: md5
      md5: fee05d0980c121685892958d16eeab86
      size: 4682
    outs:
    - path: reports/metrics.json
      hash: md5
      md5: 084a84db3553f8baa0c0a03b4342e2cc
      size: 145
